Microsoft Visual Studio Solution File, Format Version 12.00
# Visual Studio Version 16
VisualStudioVersion = 16.0.28922.388
MinimumVisualStudioVersion = 10.0.40219.1
Project("{2150E333-8FDC-42A3-9474-1A3956D46DE8}") = "src", "src", "{171EC0DA-4762-42DF-8CB8-1E798DE2C1F6}"
EndProject
Project("{2150E333-8FDC-42A3-9474-1A3956D46DE8}") = "tests", "tests", "{F76A0A47-7485-4879-AD43-D82DCDD7A486}"
EndProject
Project("{FAE04EC0-301F-11D3-BF4B-00C04F79EFBC}") = "PoC.SharpDiff.WebAPI", "src\PoC.SharpDiff.WebAPI\PoC.SharpDiff.WebAPI.csproj", "{2C43F2B6-A9B2-4CBC-8A20-89BBA218B842}"
EndProject
Project("{2150E333-8FDC-42A3-9474-1A3956D46DE8}") = "Solution Items", "Solution Items", "{E1136807-2F63-4EF6-81C5-979BE0889D2B}"
	ProjectSection(SolutionItems) = preProject
		.travis.yml = .travis.yml
		common.props = common.props
		docker-compose.yml = docker-compose.yml
		global.json = global.json
		README.md = README.md
		tools\travis-build.sh = tools\travis-build.sh
		tools\travis-install-dependencies.sh = tools\travis-install-dependencies.sh
		tools\database-update.sh = tools\database-update.sh
		azure-pipelines.yml = azure-pipelines.yml
	EndProjectSection
EndProject
Project("{FAE04EC0-301F-11D3-BF4B-00C04F79EFBC}") = "PoC.SharpDiff.Tests", "tests\PoC.SharpDiff.Tests\PoC.SharpDiff.Tests.csproj", "{565F425C-4BC9-4217-ADDA-246C62AB156E}"
EndProject
Project("{FAE04EC0-301F-11D3-BF4B-00C04F79EFBC}") = "PoC.SharpDiff.WebAPI.Tests", "tests\PoC.SharpDiff.WebAPI.Tests\PoC.SharpDiff.WebAPI.Tests.csproj", "{0B54A108-AB37-4B2F-AA60-37743A2C2652}"
EndProject
Project("{FAE04EC0-301F-11D3-BF4B-00C04F79EFBC}") = "PoC.SharpDiff.TestUtilities", "tests\PoC.SharpDiff.TestUtilities\PoC.SharpDiff.TestUtilities.csproj", "{59FF7751-8AFE-457E-89B3-6ECA19789D26}"
EndProject
Project("{FAE04EC0-301F-11D3-BF4B-00C04F79EFBC}") = "PoC.SharpDiff.Domain", "src\PoC.SharpDiff.Domain\PoC.SharpDiff.Domain.csproj", "{59649006-8FAF-4735-85E4-93199C2EB6C7}"
EndProject
Project("{FAE04EC0-301F-11D3-BF4B-00C04F79EFBC}") = "PoC.SharpDiff.Resources", "src\PoC.SharpDiff.Resources\PoC.SharpDiff.Resources.csproj", "{578EC435-7B8F-4FD9-9498-E826CD066E72}"
EndProject
Project("{FAE04EC0-301F-11D3-BF4B-00C04F79EFBC}") = "PoC.SharpDiff.Persistence", "src\PoC.SharpDiff.Persistence\PoC.SharpDiff.Persistence.csproj", "{85B25BE9-906F-4EBA-8A1C-8C7CB3531A7D}"
EndProject
Project("{FAE04EC0-301F-11D3-BF4B-00C04F79EFBC}") = "PoC.SharpDiff.Resources.Tests", "tests\PoC.SharpDiff.Resources.Tests\PoC.SharpDiff.Resources.Tests.csproj", "{E7B14DBA-BD48-47E7-94B6-199C476E27E3}"
EndProject
Global
	GlobalSection(SolutionConfigurationPlatforms) = preSolution
		Debug|Any CPU = Debug|Any CPU
		Release|Any CPU = Release|Any CPU
	EndGlobalSection
	GlobalSection(ProjectConfigurationPlatforms) = postSolution
		{2C43F2B6-A9B2-4CBC-8A20-89BBA218B842}.Debug|Any CPU.ActiveCfg = Debug|Any CPU
		{2C43F2B6-A9B2-4CBC-8A20-89BBA218B842}.Debug|Any CPU.Build.0 = Debug|Any CPU
		{2C43F2B6-A9B2-4CBC-8A20-89BBA218B842}.Release|Any CPU.ActiveCfg = Release|Any CPU
		{2C43F2B6-A9B2-4CBC-8A20-89BBA218B842}.Release|Any CPU.Build.0 = Release|Any CPU
		{565F425C-4BC9-4217-ADDA-246C62AB156E}.Debug|Any CPU.ActiveCfg = Debug|Any CPU
		{565F425C-4BC9-4217-ADDA-246C62AB156E}.Debug|Any CPU.Build.0 = Debug|Any CPU
		{565F425C-4BC9-4217-ADDA-246C62AB156E}.Release|Any CPU.ActiveCfg = Release|Any CPU
		{565F425C-4BC9-4217-ADDA-246C62AB156E}.Release|Any CPU.Build.0 = Release|Any CPU
		{0B54A108-AB37-4B2F-AA60-37743A2C2652}.Debug|Any CPU.ActiveCfg = Debug|Any CPU
		{0B54A108-AB37-4B2F-AA60-37743A2C2652}.Debug|Any CPU.Build.0 = Debug|Any CPU
		{0B54A108-AB37-4B2F-AA60-37743A2C2652}.Release|Any CPU.ActiveCfg = Release|Any CPU
		{0B54A108-AB37-4B2F-AA60-37743A2C2652}.Release|Any CPU.Build.0 = Release|Any CPU
		{59FF7751-8AFE-457E-89B3-6ECA19789D26}.Debug|Any CPU.ActiveCfg = Debug|Any CPU
		{59FF7751-8AFE-457E-89B3-6ECA19789D26}.Debug|Any CPU.Build.0 = Debug|Any CPU
		{59FF7751-8AFE-457E-89B3-6ECA19789D26}.Release|Any CPU.ActiveCfg = Release|Any CPU
		{59FF7751-8AFE-457E-89B3-6ECA19789D26}.Release|Any CPU.Build.0 = Release|Any CPU
		{59649006-8FAF-4735-85E4-93199C2EB6C7}.Debug|Any CPU.ActiveCfg = Debug|Any CPU
		{59649006-8FAF-4735-85E4-93199C2EB6C7}.Debug|Any CPU.Build.0 = Debug|Any CPU
		{59649006-8FAF-4735-85E4-93199C2EB6C7}.Release|Any CPU.ActiveCfg = Release|Any CPU
		{59649006-8FAF-4735-85E4-93199C2EB6C7}.Release|Any CPU.Build.0 = Release|Any CPU
		{578EC435-7B8F-4FD9-9498-E826CD066E72}.Debug|Any CPU.ActiveCfg = Debug|Any CPU
		{578EC435-7B8F-4FD9-9498-E826CD066E72}.Debug|Any CPU.Build.0 = Debug|Any CPU
		{578EC435-7B8F-4FD9-9498-E826CD066E72}.Release|Any CPU.ActiveCfg = Release|Any CPU
		{578EC435-7B8F-4FD9-9498-E826CD066E72}.Release|Any CPU.Build.0 = Release|Any CPU
		{85B25BE9-906F-4EBA-8A1C-8C7CB3531A7D}.Debug|Any CPU.ActiveCfg = Debug|Any CPU
		{85B25BE9-906F-4EBA-8A1C-8C7CB3531A7D}.Debug|Any CPU.Build.0 = Debug|Any CPU
		{85B25BE9-906F-4EBA-8A1C-8C7CB3531A7D}.Release|Any CPU.ActiveCfg = Release|Any CPU
		{85B25BE9-906F-4EBA-8A1C-8C7CB3531A7D}.Release|Any CPU.Build.0 = Release|Any CPU
		{E7B14DBA-BD48-47E7-94B6-199C476E27E3}.Debug|Any CPU.ActiveCfg = Debug|Any CPU
		{E7B14DBA-BD48-47E7-94B6-199C476E27E3}.Debug|Any CPU.Build.0 = Debug|Any CPU
		{E7B14DBA-BD48-47E7-94B6-199C476E27E3}.Release|Any CPU.ActiveCfg = Release|Any CPU
		{E7B14DBA-BD48-47E7-94B6-199C476E27E3}.Release|Any CPU.Build.0 = Release|Any CPU
	EndGlobalSection
	GlobalSection(SolutionProperties) = preSolution
		HideSolutionNode = FALSE
	EndGlobalSection
	GlobalSection(NestedProjects) = preSolution
		{2C43F2B6-A9B2-4CBC-8A20-89BBA218B842} = {171EC0DA-4762-42DF-8CB8-1E798DE2C1F6}
		{565F425C-4BC9-4217-ADDA-246C62AB156E} = {F76A0A47-7485-4879-AD43-D82DCDD7A486}
		{0B54A108-AB37-4B2F-AA60-37743A2C2652} = {F76A0A47-7485-4879-AD43-D82DCDD7A486}
		{59FF7751-8AFE-457E-89B3-6ECA19789D26} = {F76A0A47-7485-4879-AD43-D82DCDD7A486}
		{59649006-8FAF-4735-85E4-93199C2EB6C7} = {171EC0DA-4762-42DF-8CB8-1E798DE2C1F6}
		{578EC435-7B8F-4FD9-9498-E826CD066E72} = {171EC0DA-4762-42DF-8CB8-1E798DE2C1F6}
		{85B25BE9-906F-4EBA-8A1C-8C7CB3531A7D} = {171EC0DA-4762-42DF-8CB8-1E798DE2C1F6}
		{E7B14DBA-BD48-47E7-94B6-199C476E27E3} = {F76A0A47-7485-4879-AD43-D82DCDD7A486}
	EndGlobalSection
	GlobalSection(ExtensibilityGlobals) = postSolution
		SolutionGuid = {DD8A8923-AB8D-4078-99A9-BC8971B6B883}
	EndGlobalSection
EndGlobal
